// !$*UTF8*$!
{
	archiveVersion = 1;
	classes = {
	};
	objectVersion = 51;
	objects = {

/* Begin PBXBuildFile section */
		96D3ABAC4FA71904C9AD4A54 /* Pods_CheckUpEmployee.framework in Frameworks */ = {isa = PBXBuildFile; fileRef = F0AAD1A20ADC73AEE4F13391 /* Pods_CheckUpEmployee.framework */; };
		BB0631EF2487623400729573 /* Phone.swift in Sources */ = {isa = PBXBuildFile; fileRef = BB0631EE2487623400729573 /* Phone.swift */; };
		BB0631F52487708100729573 /* Address.swift in Sources */ = {isa = PBXBuildFile; fileRef = BB0631F42487708100729573 /* Address.swift */; };
		BB0631F92487712E00729573 /* Localizable.strings in Resources */ = {isa = PBXBuildFile; fileRef = BB0631FB2487712E00729573 /* Localizable.strings */; };
		BB0D9175248A702A00D77EDE /* LogoutDelegate.swift in Sources */ = {isa = PBXBuildFile; fileRef = BB0D9174248A702A00D77EDE /* LogoutDelegate.swift */; };
		BB136EB6248D1A580003A9B7 /* UserIds.swift in Sources */ = {isa = PBXBuildFile; fileRef = BB136EB5248D1A580003A9B7 /* UserIds.swift */; };
		BB16C259248561A2009503A1 /* AppDelegate.swift in Sources */ = {isa = PBXBuildFile; fileRef = BB16C258248561A2009503A1 /* AppDelegate.swift */; };
		BB16C25B248561A2009503A1 /* SceneDelegate.swift in Sources */ = {isa = PBXBuildFile; fileRef = BB16C25A248561A2009503A1 /* SceneDelegate.swift */; };
		BB16C25D248561A2009503A1 /* LoginVC.swift in Sources */ = {isa = PBXBuildFile; fileRef = BB16C25C248561A2009503A1 /* LoginVC.swift */; };
		BB16C262248561A8009503A1 /* Assets.xcassets in Resources */ = {isa = PBXBuildFile; fileRef = BB16C261248561A8009503A1 /* Assets.xcassets */; };
		BB16C265248561A8009503A1 /* LaunchScreen.storyboard in Resources */ = {isa = PBXBuildFile; fileRef = BB16C263248561A8009503A1 /* LaunchScreen.storyboard */; };
		BB16C27224856BE6009503A1 /* Login.storyboard in Resources */ = {isa = PBXBuildFile; fileRef = BB16C27124856BE6009503A1 /* Login.storyboard */; };
		BB16C27624856DB7009503A1 /* LoginPresenter.swift in Sources */ = {isa = PBXBuildFile; fileRef = BB16C27524856DB7009503A1 /* LoginPresenter.swift */; };
		BB16C27824856DCB009503A1 /* LoginModel.swift in Sources */ = {isa = PBXBuildFile; fileRef = BB16C27724856DCB009503A1 /* LoginModel.swift */; };
		BB16C27B24856EA1009503A1 /* EmployeeRequestsSB.storyboard in Resources */ = {isa = PBXBuildFile; fileRef = BB16C27A24856EA1009503A1 /* EmployeeRequestsSB.storyboard */; };
		BB16C27F24856FF1009503A1 /* EmployeeRequestsVC.swift in Sources */ = {isa = PBXBuildFile; fileRef = BB16C27E24856FF1009503A1 /* EmployeeRequestsVC.swift */; };
		BB16C282248571BB009503A1 /* UserDetails.storyboard in Resources */ = {isa = PBXBuildFile; fileRef = BB16C281248571BA009503A1 /* UserDetails.storyboard */; };
		BB16C28424857391009503A1 /* ILoginVC.swift in Sources */ = {isa = PBXBuildFile; fileRef = BB16C28324857391009503A1 /* ILoginVC.swift */; };
		BB16C286248574E4009503A1 /* EmployeeRequestsPresenter.swift in Sources */ = {isa = PBXBuildFile; fileRef = BB16C285248574E4009503A1 /* EmployeeRequestsPresenter.swift */; };
		BB16C2882485750C009503A1 /* EmployeeRequestsModel.swift in Sources */ = {isa = PBXBuildFile; fileRef = BB16C2872485750C009503A1 /* EmployeeRequestsModel.swift */; };
		BB16C28A2485752C009503A1 /* IEmployeeStatus.swift in Sources */ = {isa = PBXBuildFile; fileRef = BB16C2892485752C009503A1 /* IEmployeeStatus.swift */; };
		BB16C28C24858D6A009503A1 /* GoogleService-Info.plist in Resources */ = {isa = PBXBuildFile; fileRef = BB16C28B24858D69009503A1 /* GoogleService-Info.plist */; };
		BB16C29224859560009503A1 /* IBase.swift in Sources */ = {isa = PBXBuildFile; fileRef = BB16C28E24859560009503A1 /* IBase.swift */; };
		BB16C29324859560009503A1 /* ICheckConnection.swift in Sources */ = {isa = PBXBuildFile; fileRef = BB16C28F24859560009503A1 /* ICheckConnection.swift */; };
		BB16C29424859560009503A1 /* IView.swift in Sources */ = {isa = PBXBuildFile; fileRef = BB16C29024859560009503A1 /* IView.swift */; };
		BB16C29524859560009503A1 /* IViewAdvancedAlert.swift in Sources */ = {isa = PBXBuildFile; fileRef = BB16C29124859560009503A1 /* IViewAdvancedAlert.swift */; };
		BB16C2982485992E009503A1 /* Alert.swift in Sources */ = {isa = PBXBuildFile; fileRef = BB16C2972485992E009503A1 /* Alert.swift */; };
		BB16C29A2485AE04009503A1 /* UserDetailsSB.storyboard in Resources */ = {isa = PBXBuildFile; fileRef = BB16C2992485AE04009503A1 /* UserDetailsSB.storyboard */; };
		BB16C2AC2485AE75009503A1 /* UserCustomTableViewCell.swift in Sources */ = {isa = PBXBuildFile; fileRef = BB16C29D2485AE75009503A1 /* UserCustomTableViewCell.swift */; };
		BB16C2AD2485AE75009503A1 /* UserCustomTableViewCell.xib in Resources */ = {isa = PBXBuildFile; fileRef = BB16C29E2485AE75009503A1 /* UserCustomTableViewCell.xib */; };
		BB16C2AE2485AE75009503A1 /* DataTableViewCell.swift in Sources */ = {isa = PBXBuildFile; fileRef = BB16C2A22485AE75009503A1 /* DataTableViewCell.swift */; };
		BB16C2AF2485AE75009503A1 /* DataTableViewCell.xib in Resources */ = {isa = PBXBuildFile; fileRef = BB16C2A32485AE75009503A1 /* DataTableViewCell.xib */; };
		BB16C2B02485AE75009503A1 /* ImgTableViewCell.swift in Sources */ = {isa = PBXBuildFile; fileRef = BB16C2A52485AE75009503A1 /* ImgTableViewCell.swift */; };
		BB16C2B12485AE75009503A1 /* ImgTableViewCell.xib in Resources */ = {isa = PBXBuildFile; fileRef = BB16C2A62485AE75009503A1 /* ImgTableViewCell.xib */; };
		BB16C2B22485AE75009503A1 /* MapViewTableViewCell.swift in Sources */ = {isa = PBXBuildFile; fileRef = BB16C2A82485AE75009503A1 /* MapViewTableViewCell.swift */; };
		BB16C2B32485AE75009503A1 /* MapViewTableViewCell.xib in Resources */ = {isa = PBXBuildFile; fileRef = BB16C2A92485AE75009503A1 /* MapViewTableViewCell.xib */; };
		BB16C2B72485B016009503A1 /* User.swift in Sources */ = {isa = PBXBuildFile; fileRef = BB16C2B62485B016009503A1 /* User.swift */; };
		BB1C099C24884319000F24A6 /* UserDetailsVC.swift in Sources */ = {isa = PBXBuildFile; fileRef = BB1C099B24884319000F24A6 /* UserDetailsVC.swift */; };
		BB1C099E24884450000F24A6 /* UserDetailsPresenter.swift in Sources */ = {isa = PBXBuildFile; fileRef = BB1C099D24884450000F24A6 /* UserDetailsPresenter.swift */; };
		BB1C09A02488446C000F24A6 /* UserDetailsModel.swift in Sources */ = {isa = PBXBuildFile; fileRef = BB1C099F2488446C000F24A6 /* UserDetailsModel.swift */; };
		BB1C09A224884485000F24A6 /* IUserDetails.swift in Sources */ = {isa = PBXBuildFile; fileRef = BB1C09A124884485000F24A6 /* IUserDetails.swift */; };
		BB32A36E248CBD5D00EBF51F /* InternetConnection.swift in Sources */ = {isa = PBXBuildFile; fileRef = BB32A36D248CBD5D00EBF51F /* InternetConnection.swift */; };
/* End PBXBuildFile section */

/* Begin PBXFileReference section */
		0E6A74C05A476F4CFAC2A193 /* Pods-CheckUpEmployee.debug.xcconfig */ = {isa = PBXFileReference; includeInIndex = 1; lastKnownFileType = text.xcconfig; name = "Pods-CheckUpEmployee.debug.xcconfig"; path = "Target Support Files/Pods-CheckUpEmployee/Pods-CheckUpEmployee.debug.xcconfig"; sourceTree = "<group>"; };
		5216FC7B931CF2FA8D79343F /* Pods-CheckUpEmployee.release.xcconfig */ = {isa = PBXFileReference; includeInIndex = 1; lastKnownFileType = text.xcconfig; name = "Pods-CheckUpEmployee.release.xcconfig"; path = "Target Support Files/Pods-CheckUpEmployee/Pods-CheckUpEmployee.release.xcconfig"; sourceTree = "<group>"; };
		BB0631EE2487623400729573 /* Phone.swift */ = {isa = PBXFileReference; lastKnownFileType = sourcecode.swift; path = Phone.swift; sourceTree = "<group>"; };
		BB0631F42487708100729573 /* Address.swift */ = {isa = PBXFileReference; lastKnownFileType = sourcecode.swift; path = Address.swift; sourceTree = "<group>"; };
		BB0631F6248770BD00729573 /* ar */ = {isa = PBXFileReference; lastKnownFileType = text.plist.strings; name = ar; path = ar.lproj/LaunchScreen.strings; sourceTree = "<group>"; };
		BB0631FA2487712E00729573 /* en */ = {isa = PBXFileReference; lastKnownFileType = text.plist.strings; name = en; path = en.lproj/Localizable.strings; sourceTree = "<group>"; };
		BB0631FC2487713300729573 /* ar */ = {isa = PBXFileReference; lastKnownFileType = text.plist.strings; name = ar; path = ar.lproj/Localizable.strings; sourceTree = "<group>"; };
		BB0D9174248A702A00D77EDE /* LogoutDelegate.swift */ = {isa = PBXFileReference; lastKnownFileType = sourcecode.swift; path = LogoutDelegate.swift; sourceTree = "<group>"; };
		BB136EB5248D1A580003A9B7 /* UserIds.swift */ = {isa = PBXFileReference; lastKnownFileType = sourcecode.swift; path = UserIds.swift; sourceTree = "<group>"; };
		BB16C255248561A2009503A1 /* CheckUpEmployee.app */ = {isa = PBXFileReference; explicitFileType = wrapper.application; includeInIndex = 0; path = CheckUpEmployee.app; sourceTree = BUILT_PRODUCTS_DIR; };
		BB16C258248561A2009503A1 /* AppDelegate.swift */ = {isa = PBXFileReference; lastKnownFileType = sourcecode.swift; path = AppDelegate.swift; sourceTree = "<group>"; };
		BB16C25A248561A2009503A1 /* SceneDelegate.swift */ = {isa = PBXFileReference; lastKnownFileType = sourcecode.swift; path = SceneDelegate.swift; sourceTree = "<group>"; };
		BB16C25C248561A2009503A1 /* LoginVC.swift */ = {isa = PBXFileReference; lastKnownFileType = sourcecode.swift; path = LoginVC.swift; sourceTree = "<group>"; };
		BB16C261248561A8009503A1 /* Assets.xcassets */ = {isa = PBXFileReference; lastKnownFileType = folder.assetcatalog; path = Assets.xcassets; sourceTree = "<group>"; };
		BB16C264248561A8009503A1 /* Base */ = {isa = PBXFileReference; lastKnownFileType = file.storyboard; name = Base; path = Base.lproj/LaunchScreen.storyboard; sourceTree = "<group>"; };
		BB16C266248561A8009503A1 /* Info.plist */ = {isa = PBXFileReference; lastKnownFileType = text.plist.xml; path = Info.plist; sourceTree = "<group>"; };
		BB16C27124856BE6009503A1 /* Login.storyboard */ = {isa = PBXFileReference; fileEncoding = 4; lastKnownFileType = file.storyboard; path = Login.storyboard; sourceTree = "<group>"; };
		BB16C27524856DB7009503A1 /* LoginPresenter.swift */ = {isa = PBXFileReference; lastKnownFileType = sourcecode.swift; path = LoginPresenter.swift; sourceTree = "<group>"; };
		BB16C27724856DCB009503A1 /* LoginModel.swift */ = {isa = PBXFileReference; lastKnownFileType = sourcecode.swift; path = LoginModel.swift; sourceTree = "<group>"; };
		BB16C27A24856EA1009503A1 /* EmployeeRequestsSB.storyboard */ = {isa = PBXFileReference; fileEncoding = 4; lastKnownFileType = file.storyboard; path = EmployeeRequestsSB.storyboard; sourceTree = "<group>"; };
		BB16C27E24856FF1009503A1 /* EmployeeRequestsVC.swift */ = {isa = PBXFileReference; lastKnownFileType = sourcecode.swift; path = EmployeeRequestsVC.swift; sourceTree = "<group>"; };
		BB16C281248571BA009503A1 /* UserDetails.storyboard */ = {isa = PBXFileReference; fileEncoding = 4; lastKnownFileType = file.storyboard; path = UserDetails.storyboard; sourceTree = "<group>"; };
		BB16C28324857391009503A1 /* ILoginVC.swift */ = {isa = PBXFileReference; lastKnownFileType = sourcecode.swift; path = ILoginVC.swift; sourceTree = "<group>"; };
		BB16C285248574E4009503A1 /* EmployeeRequestsPresenter.swift */ = {isa = PBXFileReference; lastKnownFileType = sourcecode.swift; path = EmployeeRequestsPresenter.swift; sourceTree = "<group>"; };
		BB16C2872485750C009503A1 /* EmployeeRequestsModel.swift */ = {isa = PBXFileReference; lastKnownFileType = sourcecode.swift; path = EmployeeRequestsModel.swift; sourceTree = "<group>"; };
		BB16C2892485752C009503A1 /* IEmployeeStatus.swift */ = {isa = PBXFileReference; lastKnownFileType = sourcecode.swift; path = IEmployeeStatus.swift; sourceTree = "<group>"; };
		BB16C28B24858D69009503A1 /* GoogleService-Info.plist */ = {isa = PBXFileReference; fileEncoding = 4; lastKnownFileType = text.plist.xml; path = "GoogleService-Info.plist"; sourceTree = "<group>"; };
		BB16C28E24859560009503A1 /* IBase.swift */ = {isa = PBXFileReference; fileEncoding = 4; lastKnownFileType = sourcecode.swift; path = IBase.swift; sourceTree = "<group>"; };
		BB16C28F24859560009503A1 /* ICheckConnection.swift */ = {isa = PBXFileReference; fileEncoding = 4; lastKnownFileType = sourcecode.swift; path = ICheckConnection.swift; sourceTree = "<group>"; };
		BB16C29024859560009503A1 /* IView.swift */ = {isa = PBXFileReference; fileEncoding = 4; lastKnownFileType = sourcecode.swift; path = IView.swift; sourceTree = "<group>"; };
		BB16C29124859560009503A1 /* IViewAdvancedAlert.swift */ = {isa = PBXFileReference; fileEncoding = 4; lastKnownFileType = sourcecode.swift; path = IViewAdvancedAlert.swift; sourceTree = "<group>"; };
		BB16C2972485992E009503A1 /* Alert.swift */ = {isa = PBXFileReference; fileEncoding = 4; lastKnownFileType = sourcecode.swift; path = Alert.swift; sourceTree = "<group>"; };
		BB16C2992485AE04009503A1 /* UserDetailsSB.storyboard */ = {isa = PBXFileReference; fileEncoding = 4; lastKnownFileType = file.storyboard; path = UserDetailsSB.storyboard; sourceTree = "<group>"; };
		BB16C29D2485AE75009503A1 /* UserCustomTableViewCell.swift */ = {isa = PBXFileReference; fileEncoding = 4; lastKnownFileType = sourcecode.swift; path = UserCustomTableViewCell.swift; sourceTree = "<group>"; };
		BB16C29E2485AE75009503A1 /* UserCustomTableViewCell.xib */ = {isa = PBXFileReference; fileEncoding = 4; lastKnownFileType = file.xib; path = UserCustomTableViewCell.xib; sourceTree = "<group>"; };
		BB16C2A22485AE75009503A1 /* DataTableViewCell.swift */ = {isa = PBXFileReference; fileEncoding = 4; lastKnownFileType = sourcecode.swift; path = DataTableViewCell.swift; sourceTree = "<group>"; };
		BB16C2A32485AE75009503A1 /* DataTableViewCell.xib */ = {isa = PBXFileReference; fileEncoding = 4; lastKnownFileType = file.xib; path = DataTableViewCell.xib; sourceTree = "<group>"; };
		BB16C2A52485AE75009503A1 /* ImgTableViewCell.swift */ = {isa = PBXFileReference; fileEncoding = 4; lastKnownFileType = sourcecode.swift; path = ImgTableViewCell.swift; sourceTree = "<group>"; };
		BB16C2A62485AE75009503A1 /* ImgTableViewCell.xib */ = {isa = PBXFileReference; fileEncoding = 4; lastKnownFileType = file.xib; path = ImgTableViewCell.xib; sourceTree = "<group>"; };
		BB16C2A82485AE75009503A1 /* MapViewTableViewCell.swift */ = {isa = PBXFileReference; fileEncoding = 4; lastKnownFileType = sourcecode.swift; path = MapViewTableViewCell.swift; sourceTree = "<group>"; };
		BB16C2A92485AE75009503A1 /* MapViewTableViewCell.xib */ = {isa = PBXFileReference; fileEncoding = 4; lastKnownFileType = file.xib; path = MapViewTableViewCell.xib; sourceTree = "<group>"; };
		BB16C2B62485B016009503A1 /* User.swift */ = {isa = PBXFileReference; fileEncoding = 4; lastKnownFileType = sourcecode.swift; path = User.swift; sourceTree = "<group>"; };
		BB1C099B24884319000F24A6 /* UserDetailsVC.swift */ = {isa = PBXFileReference; lastKnownFileType = sourcecode.swift; path = UserDetailsVC.swift; sourceTree = "<group>"; };
		BB1C099D24884450000F24A6 /* UserDetailsPresenter.swift */ = {isa = PBXFileReference; lastKnownFileType = sourcecode.swift; path = UserDetailsPresenter.swift; sourceTree = "<group>"; };
		BB1C099F2488446C000F24A6 /* UserDetailsModel.swift */ = {isa = PBXFileReference; lastKnownFileType = sourcecode.swift; path = UserDetailsModel.swift; sourceTree = "<group>"; };
		BB1C09A124884485000F24A6 /* IUserDetails.swift */ = {isa = PBXFileReference; lastKnownFileType = sourcecode.swift; path = IUserDetails.swift; sourceTree = "<group>"; };
		BB32A36D248CBD5D00EBF51F /* InternetConnection.swift */ = {isa = PBXFileReference; lastKnownFileType = sourcecode.swift; path = InternetConnection.swift; sourceTree = "<group>"; };
		F0AAD1A20ADC73AEE4F13391 /* Pods_CheckUpEmployee.framework */ = {isa = PBXFileReference; explicitFileType = wrapper.framework; includeInIndex = 0; path = Pods_CheckUpEmployee.framework; sourceTree = BUILT_PRODUCTS_DIR; };
/* End PBXFileReference section */

/* Begin PBXFrameworksBuildPhase section */
		BB16C252248561A2009503A1 /* Frameworks */ = {
			isa = PBXFrameworksBuildPhase;
			buildActionMask = 2147483647;
			files = (
				96D3ABAC4FA71904C9AD4A54 /* Pods_CheckUpEmployee.framework in Frameworks */,
			);
			runOnlyForDeploymentPostprocessing = 0;
		};
/* End PBXFrameworksBuildPhase section */

/* Begin PBXGroup section */
		5E843F87FA4CCB9490384C9B /* Pods */ = {
			isa = PBXGroup;
			children = (
				0E6A74C05A476F4CFAC2A193 /* Pods-CheckUpEmployee.debug.xcconfig */,
				5216FC7B931CF2FA8D79343F /* Pods-CheckUpEmployee.release.xcconfig */,
			);
			path = Pods;
			sourceTree = "<group>";
		};
		B268DE3683E781ED6CB8039C /* Frameworks */ = {
			isa = PBXGroup;
			children = (
				F0AAD1A20ADC73AEE4F13391 /* Pods_CheckUpEmployee.framework */,
			);
			name = Frameworks;
			sourceTree = "<group>";
		};
		BB16C24C248561A2009503A1 = {
			isa = PBXGroup;
			children = (
				BB16C257248561A2009503A1 /* CheckUpEmployee */,
				BB16C256248561A2009503A1 /* Products */,
				5E843F87FA4CCB9490384C9B /* Pods */,
				B268DE3683E781ED6CB8039C /* Frameworks */,
			);
			sourceTree = "<group>";
		};
		BB16C256248561A2009503A1 /* Products */ = {
			isa = PBXGroup;
			children = (
				BB16C255248561A2009503A1 /* CheckUpEmployee.app */,
			);
			name = Products;
			sourceTree = "<group>";
		};
		BB16C257248561A2009503A1 /* CheckUpEmployee */ = {
			isa = PBXGroup;
			children = (
				BB16C296248598EF009503A1 /* Alert */,
				BB16C28D24859560009503A1 /* Base */,
				BB16C28024857052009503A1 /* Pojos */,
				BB16C26D24856232009503A1 /* Login */,
				BB16C26E24856898009503A1 /* EmployeeRequests */,
				BB16C26F248568DB009503A1 /* UserDetails */,
				BB16C270248568FE009503A1 /* StoryBoards */,
				BB16C258248561A2009503A1 /* AppDelegate.swift */,
				BB16C25A248561A2009503A1 /* SceneDelegate.swift */,
				BB16C28B24858D69009503A1 /* GoogleService-Info.plist */,
				BB16C261248561A8009503A1 /* Assets.xcassets */,
				BB16C263248561A8009503A1 /* LaunchScreen.storyboard */,
				BB16C266248561A8009503A1 /* Info.plist */,
				BB0631FB2487712E00729573 /* Localizable.strings */,
			);
			path = CheckUpEmployee;
			sourceTree = "<group>";
		};
		BB16C26D24856232009503A1 /* Login */ = {
			isa = PBXGroup;
			children = (
				BB16C25C248561A2009503A1 /* LoginVC.swift */,
				BB16C27524856DB7009503A1 /* LoginPresenter.swift */,
				BB16C27724856DCB009503A1 /* LoginModel.swift */,
				BB16C28324857391009503A1 /* ILoginVC.swift */,
				BB16C27924856DD9009503A1 /* Login+Extentions */,
			);
			path = Login;
			sourceTree = "<group>";
		};
		BB16C26E24856898009503A1 /* EmployeeRequests */ = {
			isa = PBXGroup;
			children = (
				BB16C29C2485AE75009503A1 /* UserCell */,
				BB16C27E24856FF1009503A1 /* EmployeeRequestsVC.swift */,
				BB16C285248574E4009503A1 /* EmployeeRequestsPresenter.swift */,
				BB16C2872485750C009503A1 /* EmployeeRequestsModel.swift */,
				BB16C2892485752C009503A1 /* IEmployeeStatus.swift */,
			);
			path = EmployeeRequests;
			sourceTree = "<group>";
		};
		BB16C26F248568DB009503A1 /* UserDetails */ = {
			isa = PBXGroup;
			children = (
				BB16C2A02485AE75009503A1 /* UserCustomCells */,
				BB1C099B24884319000F24A6 /* UserDetailsVC.swift */,
				BB1C099D24884450000F24A6 /* UserDetailsPresenter.swift */,
				BB1C099F2488446C000F24A6 /* UserDetailsModel.swift */,
				BB1C09A124884485000F24A6 /* IUserDetails.swift */,
			);
			path = UserDetails;
			sourceTree = "<group>";
		};
		BB16C270248568FE009503A1 /* StoryBoards */ = {
			isa = PBXGroup;
			children = (
				BB16C27124856BE6009503A1 /* Login.storyboard */,
				BB16C27A24856EA1009503A1 /* EmployeeRequestsSB.storyboard */,
				BB16C2992485AE04009503A1 /* UserDetailsSB.storyboard */,
				BB16C281248571BA009503A1 /* UserDetails.storyboard */,
			);
			path = StoryBoards;
			sourceTree = "<group>";
		};
		BB16C27924856DD9009503A1 /* Login+Extentions */ = {
			isa = PBXGroup;
			children = (
			);
			path = "Login+Extentions";
			sourceTree = "<group>";
		};
		BB16C28024857052009503A1 /* Pojos */ = {
			isa = PBXGroup;
			children = (
				BB16C2B62485B016009503A1 /* User.swift */,
				BB0631EE2487623400729573 /* Phone.swift */,
				BB0631F42487708100729573 /* Address.swift */,
				BB136EB5248D1A580003A9B7 /* UserIds.swift */,
			);
			path = Pojos;
			sourceTree = "<group>";
		};
		BB16C28D24859560009503A1 /* Base */ = {
			isa = PBXGroup;
			children = (
				BB0D9174248A702A00D77EDE /* LogoutDelegate.swift */,
				BB16C28E24859560009503A1 /* IBase.swift */,
				BB16C28F24859560009503A1 /* ICheckConnection.swift */,
				BB16C29024859560009503A1 /* IView.swift */,
				BB16C29124859560009503A1 /* IViewAdvancedAlert.swift */,
				BB32A36D248CBD5D00EBF51F /* InternetConnection.swift */,
			);
			path = Base;
			sourceTree = "<group>";
		};
		BB16C296248598EF009503A1 /* Alert */ = {
			isa = PBXGroup;
			children = (
				BB16C2972485992E009503A1 /* Alert.swift */,
			);
			path = Alert;
			sourceTree = "<group>";
		};
		BB16C29C2485AE75009503A1 /* UserCell */ = {
			isa = PBXGroup;
			children = (
				BB16C29D2485AE75009503A1 /* UserCustomTableViewCell.swift */,
				BB16C29E2485AE75009503A1 /* UserCustomTableViewCell.xib */,
			);
			path = UserCell;
			sourceTree = "<group>";
		};
		BB16C2A02485AE75009503A1 /* UserCustomCells */ = {
			isa = PBXGroup;
			children = (
				BB16C2A12485AE75009503A1 /* DataCustomCell */,
				BB16C2A42485AE75009503A1 /* ImgCustomCell */,
				BB16C2A72485AE75009503A1 /* MapViewCustomCell */,
			);
			path = UserCustomCells;
			sourceTree = "<group>";
		};
		BB16C2A12485AE75009503A1 /* DataCustomCell */ = {
			isa = PBXGroup;
			children = (
				BB16C2A22485AE75009503A1 /* DataTableViewCell.swift */,
				BB16C2A32485AE75009503A1 /* DataTableViewCell.xib */,
			);
			path = DataCustomCell;
			sourceTree = "<group>";
		};
		BB16C2A42485AE75009503A1 /* ImgCustomCell */ = {
			isa = PBXGroup;
			children = (
				BB16C2A52485AE75009503A1 /* ImgTableViewCell.swift */,
				BB16C2A62485AE75009503A1 /* ImgTableViewCell.xib */,
			);
			path = ImgCustomCell;
			sourceTree = "<group>";
		};
		BB16C2A72485AE75009503A1 /* MapViewCustomCell */ = {
			isa = PBXGroup;
			children = (
				BB16C2A82485AE75009503A1 /* MapViewTableViewCell.swift */,
				BB16C2A92485AE75009503A1 /* MapViewTableViewCell.xib */,
			);
			path = MapViewCustomCell;
			sourceTree = "<group>";
		};
/* End PBXGroup section */

/* Begin PBXNativeTarget section */
		BB16C254248561A2009503A1 /* CheckUpEmployee */ = {
			isa = PBXNativeTarget;
			buildConfigurationList = BB16C269248561A8009503A1 /* Build configuration list for PBXNativeTarget "CheckUpEmployee" */;
			buildPhases = (
				D5A341F2CC37ED780B899547 /* [CP] Check Pods Manifest.lock */,
				BB16C251248561A2009503A1 /* Sources */,
				BB16C252248561A2009503A1 /* Frameworks */,
				BB16C253248561A2009503A1 /* Resources */,
				F8D4005D6AE437B250D33BAF /* [CP] Embed Pods Frameworks */,
			);
			buildRules = (
			);
			dependencies = (
			);
			name = CheckUpEmployee;
			productName = CheckUpEmployee;
			productReference = BB16C255248561A2009503A1 /* CheckUpEmployee.app */;
			productType = "com.apple.product-type.application";
		};
/* End PBXNativeTarget section */

/* Begin PBXProject section */
		BB16C24D248561A2009503A1 /* Project object */ = {
			isa = PBXProject;
			attributes = {
				LastSwiftUpdateCheck = 1120;
				LastUpgradeCheck = 1120;
				ORGANIZATIONNAME = Mahmoud.kasper;
				TargetAttributes = {
					BB16C254248561A2009503A1 = {
						CreatedOnToolsVersion = 11.2;
					};
				};
			};
			buildConfigurationList = BB16C250248561A2009503A1 /* Build configuration list for PBXProject "CheckUpEmployee" */;
			compatibilityVersion = "Xcode 9.3";
			developmentRegion = en;
			hasScannedForEncodings = 0;
			knownRegions = (
				en,
				Base,
				ar,
			);
			mainGroup = BB16C24C248561A2009503A1;
			productRefGroup = BB16C256248561A2009503A1 /* Products */;
			projectDirPath = "";
			projectRoot = "";
			targets = (
				BB16C254248561A2009503A1 /* CheckUpEmployee */,
			);
		};
/* End PBXProject section */

/* Begin PBXResourcesBuildPhase section */
		BB16C253248561A2009503A1 /* Resources */ = {
			isa = PBXResourcesBuildPhase;
			buildActionMask = 2147483647;
			files = (
				BB16C27224856BE6009503A1 /* Login.storyboard in Resources */,
				BB0631F92487712E00729573 /* Localizable.strings in Resources */,
				BB16C2AF2485AE75009503A1 /* DataTableViewCell.xib in Resources */,
				BB16C2B32485AE75009503A1 /* MapViewTableViewCell.xib in Resources */,
				BB16C2AD2485AE75009503A1 /* UserCustomTableViewCell.xib in Resources */,
				BB16C282248571BB009503A1 /* UserDetails.storyboard in Resources */,
				BB16C265248561A8009503A1 /* LaunchScreen.storyboard in Resources */,
				BB16C262248561A8009503A1 /* Assets.xcassets in Resources */,
				BB16C27B24856EA1009503A1 /* EmployeeRequestsSB.storyboard in Resources */,
				BB16C2B12485AE75009503A1 /* ImgTableViewCell.xib in Resources */,
				BB16C28C24858D6A009503A1 /* GoogleService-Info.plist in Resources */,
				BB16C29A2485AE04009503A1 /* UserDetailsSB.storyboard in Resources */,
			);
			runOnlyForDeploymentPostprocessing = 0;
		};
/* End PBXResourcesBuildPhase section */

/* Begin PBXShellScriptBuildPhase section */
		D5A341F2CC37ED780B899547 /* [CP] Check Pods Manifest.lock */ = {
			isa = PBXShellScriptBuildPhase;
			buildActionMask = 2147483647;
			files = (
			);
			inputFileListPaths = (
			);
			inputPaths = (
				"${PODS_PODFILE_DIR_PATH}/Podfile.lock",
				"${PODS_ROOT}/Manifest.lock",
			);
			name = "[CP] Check Pods Manifest.lock";
			outputFileListPaths = (
			);
			outputPaths = (
				"$(DERIVED_FILE_DIR)/Pods-CheckUpEmployee-checkManifestLockResult.txt",
			);
			runOnlyForDeploymentPostprocessing = 0;
			shellPath = /bin/sh;
			shellScript = "diff \"${PODS_PODFILE_DIR_PATH}/Podfile.lock\" \"${PODS_ROOT}/Manifest.lock\" > /dev/null\nif [ $? != 0 ] ; then\n    # print error to STDERR\n    echo \"error: The sandbox is not in sync with the Podfile.lock. Run 'pod install' or update your CocoaPods installation.\" >&2\n    exit 1\nfi\n# This output is used by Xcode 'outputs' to avoid re-running this script phase.\necho \"SUCCESS\" > \"${SCRIPT_OUTPUT_FILE_0}\"\n";
			showEnvVarsInLog = 0;
		};
		F8D4005D6AE437B250D33BAF /* [CP] Embed Pods Frameworks */ = {
			isa = PBXShellScriptBuildPhase;
			buildActionMask = 2147483647;
			files = (
			);
			inputFileListPaths = (
				"${PODS_ROOT}/Target Support Files/Pods-CheckUpEmployee/Pods-CheckUpEmployee-frameworks-${CONFIGURATION}-input-files.xcfilelist",
			);
			name = "[CP] Embed Pods Frameworks";
			outputFileListPaths = (
				"${PODS_ROOT}/Target Support Files/Pods-CheckUpEmployee/Pods-CheckUpEmployee-frameworks-${CONFIGURATION}-output-files.xcfilelist",
			);
			runOnlyForDeploymentPostprocessing = 0;
			shellPath = /bin/sh;
			shellScript = "\"${PODS_ROOT}/Target Support Files/Pods-CheckUpEmployee/Pods-CheckUpEmployee-frameworks.sh\"\n";
			showEnvVarsInLog = 0;
		};
/* End PBXShellScriptBuildPhase section */

/* Begin PBXSourcesBuildPhase section */
		BB16C251248561A2009503A1 /* Sources */ = {
			isa = PBXSourcesBuildPhase;
			buildActionMask = 2147483647;
			files = (
				BB1C099C24884319000F24A6 /* UserDetailsVC.swift in Sources */,
				BB16C28424857391009503A1 /* ILoginVC.swift in Sources */,
				BB16C2B02485AE75009503A1 /* ImgTableViewCell.swift in Sources */,
				BB16C27824856DCB009503A1 /* LoginModel.swift in Sources */,
				BB16C27624856DB7009503A1 /* LoginPresenter.swift in Sources */,
				BB0631F52487708100729573 /* Address.swift in Sources */,
				BB16C2B22485AE75009503A1 /* MapViewTableViewCell.swift in Sources */,
				BB16C2982485992E009503A1 /* Alert.swift in Sources */,
				BB16C25D248561A2009503A1 /* LoginVC.swift in Sources */,
				BB16C2AC2485AE75009503A1 /* UserCustomTableViewCell.swift in Sources */,
				BB1C099E24884450000F24A6 /* UserDetailsPresenter.swift in Sources */,
				BB16C2B72485B016009503A1 /* User.swift in Sources */,
				BB32A36E248CBD5D00EBF51F /* InternetConnection.swift in Sources */,
				BB1C09A02488446C000F24A6 /* UserDetailsModel.swift in Sources */,
				BB16C29324859560009503A1 /* ICheckConnection.swift in Sources */,
				BB16C286248574E4009503A1 /* EmployeeRequestsPresenter.swift in Sources */,
				BB16C259248561A2009503A1 /* AppDelegate.swift in Sources */,
				BB16C29424859560009503A1 /* IView.swift in Sources */,
				BB1C09A224884485000F24A6 /* IUserDetails.swift in Sources */,
				BB16C27F24856FF1009503A1 /* EmployeeRequestsVC.swift in Sources */,
				BB16C25B248561A2009503A1 /* SceneDelegate.swift in Sources */,
				BB0631EF2487623400729573 /* Phone.swift in Sources */,
				BB16C2882485750C009503A1 /* EmployeeRequestsModel.swift in Sources */,
				BB16C28A2485752C009503A1 /* IEmployeeStatus.swift in Sources */,
				BB0D9175248A702A00D77EDE /* LogoutDelegate.swift in Sources */,
				BB16C2AE2485AE75009503A1 /* DataTableViewCell.swift in Sources */,
				BB16C29224859560009503A1 /* IBase.swift in Sources */,
				BB16C29524859560009503A1 /* IViewAdvancedAlert.swift in Sources */,
				BB136EB6248D1A580003A9B7 /* UserIds.swift in Sources */,
			);
			runOnlyForDeploymentPostprocessing = 0;
		};
/* End PBXSourcesBuildPhase section */

/* Begin PBXVariantGroup section */
		BB0631FB2487712E00729573 /* Localizable.strings */ = {
			isa = PBXVariantGroup;
			children = (
				BB0631FA2487712E00729573 /* en */,
				BB0631FC2487713300729573 /* ar */,
			);
			name = Localizable.strings;
			sourceTree = "<group>";
		};
		BB16C263248561A8009503A1 /* LaunchScreen.storyboard */ = {
			isa = PBXVariantGroup;
			children = (
				BB16C264248561A8009503A1 /* Base */,
				BB0631F6248770BD00729573 /* ar */,
			);
			name = LaunchScreen.storyboard;
			sourceTree = "<group>";
		};
/* End PBXVariantGroup section */

/* Begin XCBuildConfiguration section */
		BB16C267248561A8009503A1 /* Debug */ = {
			isa = XCBuildConfiguration;
			buildSettings = {
				ALWAYS_SEARCH_USER_PATHS = NO;
				CLANG_ANALYZER_LOCALIZABILITY_NONLOCALIZED = YES;
				CLANG_ANALYZER_NONNULL = YES;
				CLANG_ANALYZER_NUMBER_OBJECT_CONVERSION = YES_AGGRESSIVE;
				CLANG_CXX_LANGUAGE_STANDARD = "gnu++14";
				CLANG_CXX_LIBRARY = "libc++";
				CLANG_ENABLE_MODULES = YES;
				CLANG_ENABLE_OBJC_ARC = YES;
				CLANG_ENABLE_OBJC_WEAK = YES;
				CLANG_WARN_BLOCK_CAPTURE_AUTORELEASING = YES;
				CLANG_WARN_BOOL_CONVERSION = YES;
				CLANG_WARN_COMMA = YES;
				CLANG_WARN_CONSTANT_CONVERSION = YES;
				CLANG_WARN_DEPRECATED_OBJC_IMPLEMENTATIONS = YES;
				CLANG_WARN_DIRECT_OBJC_ISA_USAGE = YES_ERROR;
				CLANG_WARN_DOCUMENTATION_COMMENTS = YES;
				CLANG_WARN_EMPTY_BODY = YES;
				CLANG_WARN_ENUM_CONVERSION = YES;
				CLANG_WARN_INFINITE_RECURSION = YES;
				CLANG_WARN_INT_CONVERSION = YES;
				CLANG_WARN_NON_LITERAL_NULL_CONVERSION = YES;
				CLANG_WARN_OBJC_IMPLICIT_RETAIN_SELF = YES;
				CLANG_WARN_OBJC_LITERAL_CONVERSION = YES;
				CLANG_WARN_OBJC_ROOT_CLASS = YES_ERROR;
				CLANG_WARN_RANGE_LOOP_ANALYSIS = YES;
				CLANG_WARN_STRICT_PROTOTYPES = YES;
				CLANG_WARN_SUSPICIOUS_MOVE = YES;
				CLANG_WARN_UNGUARDED_AVAILABILITY = YES_AGGRESSIVE;
				CLANG_WARN_UNREACHABLE_CODE = YES;
				CLANG_WARN__DUPLICATE_METHOD_MATCH = YES;
				COPY_PHASE_STRIP = NO;
				DEBUG_INFORMATION_FORMAT = dwarf;
				ENABLE_STRICT_OBJC_MSGSEND = YES;
				ENABLE_TESTABILITY = YES;
				GCC_C_LANGUAGE_STANDARD = gnu11;
				GCC_DYNAMIC_NO_PIC = NO;
				GCC_NO_COMMON_BLOCKS = YES;
				GCC_OPTIMIZATION_LEVEL = 0;
				GCC_PREPROCESSOR_DEFINITIONS = (
					"DEBUG=1",
					"$(inherited)",
				);
				GCC_WARN_64_TO_32_BIT_CONVERSION = YES;
				GCC_WARN_ABOUT_RETURN_TYPE = YES_ERROR;
				GCC_WARN_UNDECLARED_SELECTOR = YES;
				GCC_WARN_UNINITIALIZED_AUTOS = YES_AGGRESSIVE;
				GCC_WARN_UNUSED_FUNCTION = YES;
				GCC_WARN_UNUSED_VARIABLE = YES;
				IPHONEOS_DEPLOYMENT_TARGET = 13.2;
				MTL_ENABLE_DEBUG_INFO = INCLUDE_SOURCE;
				MTL_FAST_MATH = YES;
				ONLY_ACTIVE_ARCH = YES;
				SDKROOT = iphoneos;
				SWIFT_ACTIVE_COMPILATION_CONDITIONS = DEBUG;
				SWIFT_OPTIMIZATION_LEVEL = "-Onone";
			};
			name = Debug;
		};
		BB16C268248561A8009503A1 /* Release */ = {
			isa = XCBuildConfiguration;
			buildSettings = {
				ALWAYS_SEARCH_USER_PATHS = NO;
				CLANG_ANALYZER_LOCALIZABILITY_NONLOCALIZED = YES;
				CLANG_ANALYZER_NONNULL = YES;
				CLANG_ANALYZER_NUMBER_OBJECT_CONVERSION = YES_AGGRESSIVE;
				CLANG_CXX_LANGUAGE_STANDARD = "gnu++14";
				CLANG_CXX_LIBRARY = "libc++";
				CLANG_ENABLE_MODULES = YES;
				CLANG_ENABLE_OBJC_ARC = YES;
				CLANG_ENABLE_OBJC_WEAK = YES;
				CLANG_WARN_BLOCK_CAPTURE_AUTORELEASING = YES;
				CLANG_WARN_BOOL_CONVERSION = YES;
				CLANG_WARN_COMMA = YES;
				CLANG_WARN_CONSTANT_CONVERSION = YES;
				CLANG_WARN_DEPRECATED_OBJC_IMPLEMENTATIONS = YES;
				CLANG_WARN_DIRECT_OBJC_ISA_USAGE = YES_ERROR;
				CLANG_WARN_DOCUMENTATION_COMMENTS = YES;
				CLANG_WARN_EMPTY_BODY = YES;
				CLANG_WARN_ENUM_CONVERSION = YES;
				CLANG_WARN_INFINITE_RECURSION = YES;
				CLANG_WARN_INT_CONVERSION = YES;
				CLANG_WARN_NON_LITERAL_NULL_CONVERSION = YES;
				CLANG_WARN_OBJC_IMPLICIT_RETAIN_SELF = YES;
				CLANG_WARN_OBJC_LITERAL_CONVERSION = YES;
				CLANG_WARN_OBJC_ROOT_CLASS = YES_ERROR;
				CLANG_WARN_RANGE_LOOP_ANALYSIS = YES;
				CLANG_WARN_STRICT_PROTOTYPES = YES;
				CLANG_WARN_SUSPICIOUS_MOVE = YES;
				CLANG_WARN_UNGUARDED_AVAILABILITY = YES_AGGRESSIVE;
				CLANG_WARN_UNREACHABLE_CODE = YES;
				CLANG_WARN__DUPLICATE_METHOD_MATCH = YES;
				COPY_PHASE_STRIP = NO;
				DEBUG_INFORMATION_FORMAT = "dwarf-with-dsym";
				ENABLE_NS_ASSERTIONS = NO;
				ENABLE_STRICT_OBJC_MSGSEND = YES;
				GCC_C_LANGUAGE_STANDARD = gnu11;
				GCC_NO_COMMON_BLOCKS = YES;
				GCC_WARN_64_TO_32_BIT_CONVERSION = YES;
				GCC_WARN_ABOUT_RETURN_TYPE = YES_ERROR;
				GCC_WARN_UNDECLARED_SELECTOR = YES;
				GCC_WARN_UNINITIALIZED_AUTOS = YES_AGGRESSIVE;
				GCC_WARN_UNUSED_FUNCTION = YES;
				GCC_WARN_UNUSED_VARIABLE = YES;
				IPHONEOS_DEPLOYMENT_TARGET = 13.2;
				MTL_ENABLE_DEBUG_INFO = NO;
				MTL_FAST_MATH = YES;
				SDKROOT = iphoneos;
				SWIFT_COMPILATION_MODE = wholemodule;
				SWIFT_OPTIMIZATION_LEVEL = "-O";
				VALIDATE_PRODUCT = YES;
			};
			name = Release;
		};
		BB16C26A248561A8009503A1 /* Debug */ = {
			isa = XCBuildConfiguration;
			baseConfigurationReference = 0E6A74C05A476F4CFAC2A193 /* Pods-CheckUpEmployee.debug.xcconfig */;
			buildSettings = {
				ASSETCATALOG_COMPILER_APPICON_NAME = AppIcon;
				CODE_SIGN_STYLE = Automatic;
				INFOPLIST_FILE = CheckUpEmployee/Info.plist;
				IPHONEOS_DEPLOYMENT_TARGET = 12.2;
				LD_RUNPATH_SEARCH_PATHS = (
					"$(inherited)",
					"@executable_path/Frameworks",
				);
				PRODUCT_BUNDLE_IDENTIFIER = HK.Checkup;
				PRODUCT_NAME = "$(TARGET_NAME)";
				SWIFT_VERSION = 5.0;
				TARGETED_DEVICE_FAMILY = "1,2";
			};
			name = Debug;
		};
		BB16C26B248561A8009503A1 /* Release */ = {
			isa = XCBuildConfiguration;
			baseConfigurationReference = 5216FC7B931CF2FA8D79343F /* Pods-CheckUpEmployee.release.xcconfig */;
			buildSettings = {
				ASSETCATALOG_COMPILER_APPICON_NAME = AppIcon;
				CODE_SIGN_STYLE = Automatic;
				INFOPLIST_FILE = CheckUpEmployee/Info.plist;
				IPHONEOS_DEPLOYMENT_TARGET = 12.2;
				LD_RUNPATH_SEARCH_PATHS = (
					"$(inherited)",
					"@executable_path/Frameworks",
				);
				PRODUCT_BUNDLE_IDENTIFIER = HK.Checkup;
				PRODUCT_NAME = "$(TARGET_NAME)";
				SWIFT_VERSION = 5.0;
				TARGETED_DEVICE_FAMILY = "1,2";
			};
			name = Release;
		};
/* End XCBuildConfiguration section */

/* Begin XCConfigurationList section */
		BB16C250248561A2009503A1 /* Build configuration list for PBXProject "CheckUpEmployee" */ = {
			isa = XCConfigurationList;
			buildConfigurations = (
				BB16C267248561A8009503A1 /* Debug */,
				BB16C268248561A8009503A1 /* Release */,
			);
			defaultConfigurationIsVisible = 0;
			defaultConfigurationName = Release;
		};
		BB16C269248561A8009503A1 /* Build configuration list for PBXNativeTarget "CheckUpEmployee" */ = {
			isa = XCConfigurationList;
			buildConfigurations = (
				BB16C26A248561A8009503A1 /* Debug */,
				BB16C26B248561A8009503A1 /* Release */,
			);
			defaultConfigurationIsVisible = 0;
			defaultConfigurationName = Release;
		};
/* End XCConfigurationList section */
	};
	rootObject = BB16C24D248561A2009503A1 /* Project object */;
}
